
Microsoft Visual Studio Solution File, Format Version 12.00
# Visual Studio Version 17
VisualStudioVersion = 17.11.35303.130
MinimumVisualStudioVersion = 10.0.40219.1
Project("{9A19103F-16F7-4668-BE54-9A1E7A4F7556}") = "AreaShapes", "AreaShapes\AreaShapes.csproj", "{DF493CEA-BDE8-46CC-9D35-9F25A3D7E759}"
EndProject
Project("{FAE04EC0-301F-11D3-BF4B-00C04F79EFBC}") = "AreaShapes.Test", "AreaShapes.Test\AreaShapes.Test.csproj", "{5AC3AADD-143B-4CE0-A6C2-53C011A497AC}"
EndProject
Global
	GlobalSection(SolutionConfigurationPlatforms) = preSolution
		Debug|Any CPU = Debug|Any CPU
		Release|Any CPU = Release|Any CPU
	EndGlobalSection
	GlobalSection(ProjectConfigurationPlatforms) = postSolution
		{DF493CEA-BDE8-46CC-9D35-9F25A3D7E759}.Debug|Any CPU.ActiveCfg = Debug|Any CPU
		{DF493CEA-BDE8-46CC-9D35-9F25A3D7E759}.Debug|Any CPU.Build.0 = Debug|Any CPU
		{DF493CEA-BDE8-46CC-9D35-9F25A3D7E759}.Release|Any CPU.ActiveCfg = Release|Any CPU
		{DF493CEA-BDE8-46CC-9D35-9F25A3D7E759}.Release|Any CPU.Build.0 = Release|Any CPU
		{5AC3AADD-143B-4CE0-A6C2-53C011A497AC}.Debug|Any CPU.ActiveCfg = Debug|Any CPU
		{5AC3AADD-143B-4CE0-A6C2-53C011A497AC}.Debug|Any CPU.Build.0 = Debug|Any CPU
		{5AC3AADD-143B-4CE0-A6C2-53C011A497AC}.Release|Any CPU.ActiveCfg = Release|Any CPU
		{5AC3AADD-143B-4CE0-A6C2-53C011A497AC}.Release|Any CPU.Build.0 = Release|Any CPU
	EndGlobalSection
	GlobalSection(SolutionProperties) = preSolution
		HideSolutionNode = FALSE
	EndGlobalSection
	GlobalSection(ExtensibilityGlobals) = postSolution
		SolutionGuid = {91D22161-9A47-4F66-9507-2EC6DF3E8DD4}
	EndGlobalSection
EndGlobal
